
Microsoft Visual Studio Solution File, Format Version 12.00
# Visual Studio 15
VisualStudioVersion = 15.0.26510.0
MinimumVisualStudioVersion = 10.0.40219.1
Project("{FAE04EC0-301F-11D3-BF4B-00C04F79EFBC}") = "BacketBalanced", "BacketBalanced\BacketBalanced.csproj", "{9C8B51A4-4A3F-4B6C-8973-32AAC64A6AB6}"
EndProject
Project("{FAE04EC0-301F-11D3-BF4B-00C04F79EFBC}") = "BacketBalancedTests", "BacketBalancedTests\BacketBalancedTests.csproj", "{7021078A-ED0F-41AA-898F-54C6CA188792}"
EndProject
Project("{FAE04EC0-301F-11D3-BF4B-00C04F79EFBC}") = "JsonPrint", "JsonPrint\JsonPrint.csproj", "{0F914494-124B-434A-A879-AF77E4B8A949}"
EndProject
Global
	GlobalSection(SolutionConfigurationPlatforms) = preSolution
		Debug|Any CPU = Debug|Any CPU
		Release|Any CPU = Release|Any CPU
	EndGlobalSection
	GlobalSection(ProjectConfigurationPlatforms) = postSolution
		{9C8B51A4-4A3F-4B6C-8973-32AAC64A6AB6}.Debug|Any CPU.ActiveCfg = Debug|Any CPU
		{9C8B51A4-4A3F-4B6C-8973-32AAC64A6AB6}.Debug|Any CPU.Build.0 = Debug|Any CPU
		{9C8B51A4-4A3F-4B6C-8973-32AAC64A6AB6}.Release|Any CPU.ActiveCfg = Release|Any CPU
		{9C8B51A4-4A3F-4B6C-8973-32AAC64A6AB6}.Release|Any CPU.Build.0 = Release|Any CPU
		{7021078A-ED0F-41AA-898F-54C6CA188792}.Debug|Any CPU.ActiveCfg = Debug|Any CPU
		{7021078A-ED0F-41AA-898F-54C6CA188792}.Debug|Any CPU.Build.0 = Debug|Any CPU
		{7021078A-ED0F-41AA-898F-54C6CA188792}.Release|Any CPU.ActiveCfg = Release|Any CPU
		{7021078A-ED0F-41AA-898F-54C6CA188792}.Release|Any CPU.Build.0 = Release|Any CPU
		{0F914494-124B-434A-A879-AF77E4B8A949}.Debug|Any CPU.ActiveCfg = Debug|Any CPU
		{0F914494-124B-434A-A879-AF77E4B8A949}.Debug|Any CPU.Build.0 = Debug|Any CPU
		{0F914494-124B-434A-A879-AF77E4B8A949}.Release|Any CPU.ActiveCfg = Release|Any CPU
		{0F914494-124B-434A-A879-AF77E4B8A949}.Release|Any CPU.Build.0 = Release|Any CPU
	EndGlobalSection
	GlobalSection(SolutionProperties) = preSolution
		HideSolutionNode = FALSE
	EndGlobalSection
EndGlobal
